
Microsoft Visual Studio Solution File, Format Version 12.00
# Visual Studio Version 17
VisualStudioVersion = 17.0.31815.197
MinimumVisualStudioVersion = 10.0.40219.1
Project("{FAE04EC0-301F-11D3-BF4B-00C04F79EFBC}") = "Lab3", "Lab3\Lab3.csproj", "{D9E482FA-5032-41B6-9BB1-9396F8763084}"
EndProject
Global
	GlobalSection(SolutionConfigurationPlatforms) = preSolution
		Debug|Any CPU = Debug|Any CPU
		Release|Any CPU = Release|Any CPU
	EndGlobalSection
	GlobalSection(ProjectConfigurationPlatforms) = postSolution
		{D9E482FA-5032-41B6-9BB1-9396F8763084}.Debug|Any CPU.ActiveCfg = Debug|Any CPU
		{D9E482FA-5032-41B6-9BB1-9396F8763084}.Debug|Any CPU.Build.0 = Debug|Any CPU
		{D9E482FA-5032-41B6-9BB1-9396F8763084}.Release|Any CPU.ActiveCfg = Release|Any CPU
		{D9E482FA-5032-41B6-9BB1-9396F8763084}.Release|Any CPU.Build.0 = Release|Any CPU
	EndGlobalSection
	GlobalSection(SolutionProperties) = preSolution
		HideSolutionNode = FALSE
	EndGlobalSection
	GlobalSection(ExtensibilityGlobals) = postSolution
		SolutionGuid = {42B7A92C-C649-48D9-AF93-18AF46DE0660}
	EndGlobalSection
EndGlobal
